
Microsoft Visual Studio Solution File, Format Version 12.00
# Visual Studio 2013
VisualStudioVersion = 12.0.21005.1
MinimumVisualStudioVersion = 10.0.40219.1
Project("{FAE04EC0-301F-11D3-BF4B-00C04F79EFBC}") = "MapSolutions.Web", "MapSolutions.Web\MapSolutions.Web.csproj", "{7F88E760-CFA0-4D95-ACD2-3CB76C9E4AE2}"
EndProject
Project("{FAE04EC0-301F-11D3-BF4B-00C04F79EFBC}") = "MapSolutions.Service", "MapSolutions.Services\MapSolutions.Service.csproj", "{BEC5854C-B16E-4685-AEC9-28B356C9F88C}"
EndProject
Project("{FAE04EC0-301F-11D3-BF4B-00C04F79EFBC}") = "MapSolutions.DAL", "MapSolutions.DAL\MapSolutions.DAL.csproj", "{A3BCC720-FF6E-490C-8619-93AF14162F90}"
EndProject
Project("{FAE04EC0-301F-11D3-BF4B-00C04F79EFBC}") = "MapSolutions.Repository", "MapSolutions.Repository\MapSolutions.Repository.csproj", "{F953AF22-2091-4EE3-9789-21665B60E392}"
EndProject
Project("{FAE04EC0-301F-11D3-BF4B-00C04F79EFBC}") = "MapSolutions.Model", "MapSolutions.Model\MapSolutions.Model.csproj", "{AE462967-D61C-47BB-B74C-B848B49FBE11}"
EndProject
Project("{FAE04EC0-301F-11D3-BF4B-00C04F79EFBC}") = "MapSolutions.Common", "MapSolutions.Common\MapSolutions.Common.csproj", "{B1E318BD-F8AE-48E5-BD8A-C633CBDAA262}"
EndProject
Global
	GlobalSection(SolutionConfigurationPlatforms) = preSolution
		Debug|Any CPU = Debug|Any CPU
		Release|Any CPU = Release|Any CPU
	EndGlobalSection
	GlobalSection(ProjectConfigurationPlatforms) = postSolution
		{7F88E760-CFA0-4D95-ACD2-3CB76C9E4AE2}.Debug|Any CPU.ActiveCfg = Debug|Any CPU
		{7F88E760-CFA0-4D95-ACD2-3CB76C9E4AE2}.Debug|Any CPU.Build.0 = Debug|Any CPU
		{7F88E760-CFA0-4D95-ACD2-3CB76C9E4AE2}.Release|Any CPU.ActiveCfg = Release|Any CPU
		{7F88E760-CFA0-4D95-ACD2-3CB76C9E4AE2}.Release|Any CPU.Build.0 = Release|Any CPU
		{BEC5854C-B16E-4685-AEC9-28B356C9F88C}.Debug|Any CPU.ActiveCfg = Debug|Any CPU
		{BEC5854C-B16E-4685-AEC9-28B356C9F88C}.Debug|Any CPU.Build.0 = Debug|Any CPU
		{BEC5854C-B16E-4685-AEC9-28B356C9F88C}.Release|Any CPU.ActiveCfg = Release|Any CPU
		{BEC5854C-B16E-4685-AEC9-28B356C9F88C}.Release|Any CPU.Build.0 = Release|Any CPU
		{A3BCC720-FF6E-490C-8619-93AF14162F90}.Debug|Any CPU.ActiveCfg = Debug|Any CPU
		{A3BCC720-FF6E-490C-8619-93AF14162F90}.Debug|Any CPU.Build.0 = Debug|Any CPU
		{A3BCC720-FF6E-490C-8619-93AF14162F90}.Release|Any CPU.ActiveCfg = Release|Any CPU
		{A3BCC720-FF6E-490C-8619-93AF14162F90}.Release|Any CPU.Build.0 = Release|Any CPU
		{F953AF22-2091-4EE3-9789-21665B60E392}.Debug|Any CPU.ActiveCfg = Debug|Any CPU
		{F953AF22-2091-4EE3-9789-21665B60E392}.Debug|Any CPU.Build.0 = Debug|Any CPU
		{F953AF22-2091-4EE3-9789-21665B60E392}.Release|Any CPU.ActiveCfg = Release|Any CPU
		{F953AF22-2091-4EE3-9789-21665B60E392}.Release|Any CPU.Build.0 = Release|Any CPU
		{AE462967-D61C-47BB-B74C-B848B49FBE11}.Debug|Any CPU.ActiveCfg = Debug|Any CPU
		{AE462967-D61C-47BB-B74C-B848B49FBE11}.Debug|Any CPU.Build.0 = Debug|Any CPU
		{AE462967-D61C-47BB-B74C-B848B49FBE11}.Release|Any CPU.ActiveCfg = Release|Any CPU
		{AE462967-D61C-47BB-B74C-B848B49FBE11}.Release|Any CPU.Build.0 = Release|Any CPU
		{B1E318BD-F8AE-48E5-BD8A-C633CBDAA262}.Debug|Any CPU.ActiveCfg = Debug|Any CPU
		{B1E318BD-F8AE-48E5-BD8A-C633CBDAA262}.Debug|Any CPU.Build.0 = Debug|Any CPU
		{B1E318BD-F8AE-48E5-BD8A-C633CBDAA262}.Release|Any CPU.ActiveCfg = Release|Any CPU
		{B1E318BD-F8AE-48E5-BD8A-C633CBDAA262}.Release|Any CPU.Build.0 = Release|Any CPU
	EndGlobalSection
	GlobalSection(SolutionProperties) = preSolution
		HideSolutionNode = FALSE
	EndGlobalSection
EndGlobal
